
Microsoft Visual Studio Solution File, Format Version 12.00
# Visual Studio Version 16
VisualStudioVersion = 16.0.33529.622
MinimumVisualStudioVersion = 10.0.40219.1
Project("{FAE04EC0-301F-11D3-BF4B-00C04F79EFBC}") = "MyConsoleApplication", "MyConsoleApplication\MyConsoleApplication.csproj", "{86BDA09C-5C68-4773-8448-A2CC43BAB9DB}"
EndProject
Global
	GlobalSection(SolutionConfigurationPlatforms) = preSolution
		Debug|Any CPU = Debug|Any CPU
		Release|Any CPU = Release|Any CPU
	EndGlobalSection
	GlobalSection(ProjectConfigurationPlatforms) = postSolution
		{86BDA09C-5C68-4773-8448-A2CC43BAB9DB}.Debug|Any CPU.ActiveCfg = Debug|Any CPU
		{86BDA09C-5C68-4773-8448-A2CC43BAB9DB}.Debug|Any CPU.Build.0 = Debug|Any CPU
		{86BDA09C-5C68-4773-8448-A2CC43BAB9DB}.Release|Any CPU.ActiveCfg = Release|Any CPU
		{86BDA09C-5C68-4773-8448-A2CC43BAB9DB}.Release|Any CPU.Build.0 = Release|Any CPU
	EndGlobalSection
	GlobalSection(SolutionProperties) = preSolution
		HideSolutionNode = FALSE
	EndGlobalSection
	GlobalSection(ExtensibilityGlobals) = postSolution
		SolutionGuid = {5BE318EF-5ECB-477B-B580-690F7B82C95F}
	EndGlobalSection
EndGlobal
